// !$*UTF8*$!
{
	archiveVersion = 1;
	classes = {
	};
	objectVersion = 48;
	objects = {

/* Begin PBXBuildFile section */
		C88BB66D1FA2CB32006CDDBC /* AppDelegate.swift in Sources */ = {isa = PBXBuildFile; fileRef = C88BB66C1FA2CB32006CDDBC /* AppDelegate.swift */; };
		C88BB66F1FA2CB32006CDDBC /* FirstViewController.swift in Sources */ = {isa = PBXBuildFile; fileRef = C88BB66E1FA2CB32006CDDBC /* FirstViewController.swift */; };
		C88BB6741FA2CB32006CDDBC /* Main.storyboard in Resources */ = {isa = PBXBuildFile; fileRef = C88BB6721FA2CB32006CDDBC /* Main.storyboard */; };
		C88BB6791FA2CB32006CDDBC /* LaunchScreen.storyboard in Resources */ = {isa = PBXBuildFile; fileRef = C88BB6771FA2CB32006CDDBC /* LaunchScreen.storyboard */; };
		C8D1E3101FA3CCBB0081F5A1 /* Assets.xcassets in Resources */ = {isa = PBXBuildFile; fileRef = C8D1E30F1FA3CCBA0081F5A1 /* Assets.xcassets */; };
/* End PBXBuildFile section */

/* Begin PBXFileReference section */
		C88BB6691FA2CB32006CDDBC /* HomeworkThree.app */ = {isa = PBXFileReference; explicitFileType = wrapper.application; includeInIndex = 0; path = HomeworkThree.app; sourceTree = BUILT_PRODUCTS_DIR; };
		C88BB66C1FA2CB32006CDDBC /* AppDelegate.swift */ = {isa = PBXFileReference; lastKnownFileType = sourcecode.swift; path = AppDelegate.swift; sourceTree = "<group>"; };
		C88BB66E1FA2CB32006CDDBC /* FirstViewController.swift */ = {isa = PBXFileReference; lastKnownFileType = sourcecode.swift; path = FirstViewController.swift; sourceTree = "<group>"; };
		C88BB6731FA2CB32006CDDBC /* Base */ = {isa = PBXFileReference; lastKnownFileType = file.storyboard; name = Base; path = Base.lproj/Main.storyboard; sourceTree = "<group>"; };
		C88BB6781FA2CB32006CDDBC /* Base */ = {isa = PBXFileReference; lastKnownFileType = file.storyboard; name = Base; path = Base.lproj/LaunchScreen.storyboard; sourceTree = "<group>"; };
		C88BB67A1FA2CB32006CDDBC /* Info.plist */ = {isa = PBXFileReference; lastKnownFileType = text.plist.xml; path = Info.plist; sourceTree = "<group>"; };
		C8D1E30F1FA3CCBA0081F5A1 /* Assets.xcassets */ = {isa = PBXFileReference; lastKnownFileType = folder.assetcatalog; path = Assets.xcassets; sourceTree = "<group>"; };
/* End PBXFileReference section */

/* Begin PBXFrameworksBuildPhase section */
		C88BB6661FA2CB32006CDDBC /* Frameworks */ = {
			isa = PBXFrameworksBuildPhase;
			buildActionMask = 2147483647;
			files = (
			);
			runOnlyForDeploymentPostprocessing = 0;
		};
/* End PBXFrameworksBuildPhase section */

/* Begin PBXGroup section */
		C88BB6601FA2CB32006CDDBC = {
			isa = PBXGroup;
			children = (
				C88BB66B1FA2CB32006CDDBC /* HomeworkThree */,
				C88BB66A1FA2CB32006CDDBC /* Products */,
			);
			sourceTree = "<group>";
		};
		C88BB66A1FA2CB32006CDDBC /* Products */ = {
			isa = PBXGroup;
			children = (
				C88BB6691FA2CB32006CDDBC /* HomeworkThree.app */,
			);
			name = Products;
			sourceTree = "<group>";
		};
		C88BB66B1FA2CB32006CDDBC /* HomeworkThree */ = {
			isa = PBXGroup;
			children = (
				C88BB66C1FA2CB32006CDDBC /* AppDelegate.swift */,
				C88BB66E1FA2CB32006CDDBC /* FirstViewController.swift */,
				C88BB6721FA2CB32006CDDBC /* Main.storyboard */,
				C8D1E30F1FA3CCBA0081F5A1 /* Assets.xcassets */,
				C88BB6771FA2CB32006CDDBC /* LaunchScreen.storyboard */,
				C88BB67A1FA2CB32006CDDBC /* Info.plist */,
			);
			path = HomeworkThree;
			sourceTree = "<group>";
		};
/* End PBXGroup section */

/* Begin PBXNativeTarget section */
		C88BB6681FA2CB32006CDDBC /* HomeworkThree */ = {
			isa = PBXNativeTarget;
			buildConfigurationList = C88BB67D1FA2CB32006CDDBC /* Build configuration list for PBXNativeTarget "HomeworkThree" */;
			buildPhases = (
				C88BB6651FA2CB32006CDDBC /* Sources */,
				C88BB6661FA2CB32006CDDBC /* Frameworks */,
				C88BB6671FA2CB32006CDDBC /* Resources */,
			);
			buildRules = (
			);
			dependencies = (
			);
			name = HomeworkThree;
			productName = HomeworkThree;
			productReference = C88BB6691FA2CB32006CDDBC /* HomeworkThree.app */;
			productType = "com.apple.product-type.application";
		};
/* End PBXNativeTarget section */

/* Begin PBXProject section */
		C88BB6611FA2CB32006CDDBC /* Project object */ = {
			isa = PBXProject;
			attributes = {
				LastSwiftUpdateCheck = 0900;
				LastUpgradeCheck = 0900;
				ORGANIZATIONNAME = wilson;
				TargetAttributes = {
					C88BB6681FA2CB32006CDDBC = {
						CreatedOnToolsVersion = 9.0.1;
						ProvisioningStyle = Automatic;
					};
				};
			};
			buildConfigurationList = C88BB6641FA2CB32006CDDBC /* Build configuration list for PBXProject "HomeworkThree" */;
			compatibilityVersion = "Xcode 8.0";
			developmentRegion = en;
			hasScannedForEncodings = 0;
			knownRegions = (
				en,
				Base,
			);
			mainGroup = C88BB6601FA2CB32006CDDBC;
			productRefGroup = C88BB66A1FA2CB32006CDDBC /* Products */;
			projectDirPath = "";
			projectRoot = "";
			targets = (
				C88BB6681FA2CB32006CDDBC /* HomeworkThree */,
			);
		};
/* End PBXProject section */

/* Begin PBXResourcesBuildPhase section */
		C88BB6671FA2CB32006CDDBC /* Resources */ = {
			isa = PBXResourcesBuildPhase;
			buildActionMask = 2147483647;
			files = (
				C88BB6791FA2CB32006CDDBC /* LaunchScreen.storyboard in Resources */,
				C8D1E3101FA3CCBB0081F5A1 /* Assets.xcassets in Resources */,
				C88BB6741FA2CB32006CDDBC /* Main.storyboard in Resources */,
			);
			runOnlyForDeploymentPostprocessing = 0;
		};
/* End PBXResourcesBuildPhase section */

/* Begin PBXSourcesBuildPhase section */
		C88BB6651FA2CB32006CDDBC /* Sources */ = {
			isa = PBXSourcesBuildPhase;
			buildActionMask = 2147483647;
			files = (
				C88BB66D1FA2CB32006CDDBC /* AppDelegate.swift in Sources */,
				C88BB66F1FA2CB32006CDDBC /* FirstViewController.swift in Sources */,
			);
			runOnlyForDeploymentPostprocessing = 0;
		};
/* End PBXSourcesBuildPhase section */

/* Begin PBXVariantGroup section */
		C88BB6721FA2CB32006CDDBC /* Main.storyboard */ = {
			isa = PBXVariantGroup;
			children = (
				C88BB6731FA2CB32006CDDBC /* Base */,
			);
			name = Main.storyboard;
			sourceTree = "<group>";
		};
		C88BB6771FA2CB32006CDDBC /* LaunchScreen.storyboard */ = {
			isa = PBXVariantGroup;
			children = (
				C88BB6781FA2CB32006CDDBC /* Base */,
			);
			name = LaunchScreen.storyboard;
			sourceTree = "<group>";
		};
/* End PBXVariantGroup section */

/* Begin XCBuildConfiguration section */
		C88BB67B1FA2CB32006CDDBC /* Debug */ = {
			isa = XCBuildConfiguration;
			buildSettings = {
				ALWAYS_SEARCH_USER_PATHS = NO;
				CLANG_ANALYZER_NONNULL = YES;
				CLANG_ANALYZER_NUMBER_OBJECT_CONVERSION = YES_AGGRESSIVE;
				CLANG_CXX_LANGUAGE_STANDARD = "gnu++14";
				CLANG_CXX_LIBRARY = "libc++";
				CLANG_ENABLE_MODULES = YES;
				CLANG_ENABLE_OBJC_ARC = YES;
				CLANG_WARN_BLOCK_CAPTURE_AUTORELEASING = YES;
				CLANG_WARN_BOOL_CONVERSION = YES;
				CLANG_WARN_COMMA = YES;
				CLANG_WARN_CONSTANT_CONVERSION = YES;
				CLANG_WARN_DIRECT_OBJC_ISA_USAGE = YES_ERROR;
				CLANG_WARN_DOCUMENTATION_COMMENTS = YES;
				CLANG_WARN_EMPTY_BODY = YES;
				CLANG_WARN_ENUM_CONVERSION = YES;
				CLANG_WARN_INFINITE_RECURSION = YES;
				CLANG_WARN_INT_CONVERSION = YES;
				CLANG_WARN_NON_LITERAL_NULL_CONVERSION = YES;
				CLANG_WARN_OBJC_LITERAL_CONVERSION = YES;
				CLANG_WARN_OBJC_ROOT_CLASS = YES_ERROR;
				CLANG_WARN_RANGE_LOOP_ANALYSIS = YES;
				CLANG_WARN_STRICT_PROTOTYPES = YES;
				CLANG_WARN_SUSPICIOUS_MOVE = YES;
				CLANG_WARN_UNGUARDED_AVAILABILITY = YES_AGGRESSIVE;
				CLANG_WARN_UNREACHABLE_CODE = YES;
				CLANG_WARN__DUPLICATE_METHOD_MATCH = YES;
				CODE_SIGN_IDENTITY = "iPhone Developer";
				COPY_PHASE_STRIP = NO;
				DEBUG_INFORMATION_FORMAT = dwarf;
				ENABLE_STRICT_OBJC_MSGSEND = YES;
				ENABLE_TESTABILITY = YES;
				GCC_C_LANGUAGE_STANDARD = gnu11;
				GCC_DYNAMIC_NO_PIC = NO;
				GCC_NO_COMMON_BLOCKS = YES;
				GCC_OPTIMIZATION_LEVEL = 0;
				GCC_PREPROCESSOR_DEFINITIONS = (
					"DEBUG=1",
					"$(inherited)",
				);
				GCC_WARN_64_TO_32_BIT_CONVERSION = YES;
				GCC_WARN_ABOUT_RETURN_TYPE = YES_ERROR;
				GCC_WARN_UNDECLARED_SELECTOR = YES;
				GCC_WARN_UNINITIALIZED_AUTOS = YES_AGGRESSIVE;
				GCC_WARN_UNUSED_FUNCTION = YES;
				GCC_WARN_UNUSED_VARIABLE = YES;
				IPHONEOS_DEPLOYMENT_TARGET = 11.0;
				MTL_ENABLE_DEBUG_INFO = YES;
				ONLY_ACTIVE_ARCH = YES;
				SDKROOT = iphoneos;
				SWIFT_ACTIVE_COMPILATION_CONDITIONS = DEBUG;
				SWIFT_OPTIMIZATION_LEVEL = "-Onone";
			};
			name = Debug;
		};
		C88BB67C1FA2CB32006CDDBC /* Release */ = {
			isa = XCBuildConfiguration;
			buildSettings = {
				ALWAYS_SEARCH_USER_PATHS = NO;
				CLANG_ANALYZER_NONNULL = YES;
				CLANG_ANALYZER_NUMBER_OBJECT_CONVERSION = YES_AGGRESSIVE;
				CLANG_CXX_LANGUAGE_STANDARD = "gnu++14";
				CLANG_CXX_LIBRARY = "libc++";
				CLANG_ENABLE_MODULES = YES;
				CLANG_ENABLE_OBJC_ARC = YES;
				CLANG_WARN_BLOCK_CAPTURE_AUTORELEASING = YES;
				CLANG_WARN_BOOL_CONVERSION = YES;
				CLANG_WARN_COMMA = YES;
				CLANG_WARN_CONSTANT_CONVERSION = YES;
				CLANG_WARN_DIRECT_OBJC_ISA_USAGE = YES_ERROR;
				CLANG_WARN_DOCUMENTATION_COMMENTS = YES;
				CLANG_WARN_EMPTY_BODY = YES;
				CLANG_WARN_ENUM_CONVERSION = YES;
				CLANG_WARN_INFINITE_RECURSION = YES;
				CLANG_WARN_INT_CONVERSION = YES;
				CLANG_WARN_NON_LITERAL_NULL_CONVERSION = YES;
				CLANG_WARN_OBJC_LITERAL_CONVERSION = YES;
				CLANG_WARN_OBJC_ROOT_CLASS = YES_ERROR;
				CLANG_WARN_RANGE_LOOP_ANALYSIS = YES;
				CLANG_WARN_STRICT_PROTOTYPES = YES;
				CLANG_WARN_SUSPICIOUS_MOVE = YES;
				CLANG_WARN_UNGUARDED_AVAILABILITY = YES_AGGRESSIVE;
				CLANG_WARN_UNREACHABLE_CODE = YES;
				CLANG_WARN__DUPLICATE_METHOD_MATCH = YES;
				CODE_SIGN_IDENTITY = "iPhone Developer";
				COPY_PHASE_STRIP = NO;
				DEBUG_INFORMATION_FORMAT = "dwarf-with-dsym";
				ENABLE_NS_ASSERTIONS = NO;
				ENABLE_STRICT_OBJC_MSGSEND = YES;
				GCC_C_LANGUAGE_STANDARD = gnu11;
				GCC_NO_COMMON_BLOCKS = YES;
				GCC_WARN_64_TO_32_BIT_CONVERSION = YES;
				GCC_WARN_ABOUT_RETURN_TYPE = YES_ERROR;
				GCC_WARN_UNDECLARED_SELECTOR = YES;
				GCC_WARN_UNINITIALIZED_AUTOS = YES_AGGRESSIVE;
				GCC_WARN_UNUSED_FUNCTION = YES;
				GCC_WARN_UNUSED_VARIABLE = YES;
				IPHONEOS_DEPLOYMENT_TARGET = 11.0;
				MTL_ENABLE_DEBUG_INFO = NO;
				SDKROOT = iphoneos;
				SWIFT_OPTIMIZATION_LEVEL = "-Owholemodule";
				VALIDATE_PRODUCT = YES;
			};
			name = Release;
		};
		C88BB67E1FA2CB32006CDDBC /* Debug */ = {
			isa = XCBuildConfiguration;
			buildSettings = {
				ASSETCATALOG_COMPILER_APPICON_NAME = AppIcon;
				CODE_SIGN_STYLE = Automatic;
				DEVELOPMENT_TEAM = 3B9J7W4ZVP;
				INFOPLIST_FILE = HomeworkThree/Info.plist;
				LD_RUNPATH_SEARCH_PATHS = "$(inherited) @executable_path/Frameworks";
				PRODUCT_BUNDLE_IDENTIFIER = wilsoin.HomeworkThree;
				PRODUCT_NAME = "$(TARGET_NAME)";
				SWIFT_VERSION = 4.0;
				TARGETED_DEVICE_FAMILY = "1,2";
			};
			name = Debug;
		};
		C88BB67F1FA2CB32006CDDBC /* Release */ = {
			isa = XCBuildConfiguration;
			buildSettings = {
				ASSETCATALOG_COMPILER_APPICON_NAME = AppIcon;
				CODE_SIGN_STYLE = Automatic;
				DEVELOPMENT_TEAM = 3B9J7W4ZVP;
				INFOPLIST_FILE = HomeworkThree/Info.plist;
				LD_RUNPATH_SEARCH_PATHS = "$(inherited) @executable_path/Frameworks";
				PRODUCT_BUNDLE_IDENTIFIER = wilsoin.HomeworkThree;
				PRODUCT_NAME = "$(TARGET_NAME)";
				SWIFT_VERSION = 4.0;
				TARGETED_DEVICE_FAMILY = "1,2";
			};
			name = Release;
		};
/* End XCBuildConfiguration section */

/* Begin XCConfigurationList section */
		C88BB6641FA2CB32006CDDBC /* Build configuration list for PBXProject "HomeworkThree" */ = {
			isa = XCConfigurationList;
			buildConfigurations = (
				C88BB67B1FA2CB32006CDDBC /* Debug */,
				C88BB67C1FA2CB32006CDDBC /* Release */,
			);
			defaultConfigurationIsVisible = 0;
			defaultConfigurationName = Release;
		};
		C88BB67D1FA2CB32006CDDBC /* Build configuration list for PBXNativeTarget "HomeworkThree" */ = {
			isa = XCConfigurationList;
			buildConfigurations = (
				C88BB67E1FA2CB32006CDDBC /* Debug */,
				C88BB67F1FA2CB32006CDDBC /* Release */,
			);
			defaultConfigurationIsVisible = 0;
			defaultConfigurationName = Release;
		};
/* End XCConfigurationList section */
	};
	rootObject = C88BB6611FA2CB32006CDDBC /* Project object */;
}
